
Microsoft Visual Studio Solution File, Format Version 12.00
# Visual Studio Version 16
VisualStudioVersion = 16.0.808.10
MinimumVisualStudioVersion = 10.0.40219.1
Project("{FAE04EC0-301F-11D3-BF4B-00C04F79EFBC}") = "html_project", "html_project\html_project.csproj", "{3FB3E186-FA83-42CF-B6F2-778BF2802139}"
EndProject
Global
	GlobalSection(SolutionConfigurationPlatforms) = preSolution
		Debug|Any CPU = Debug|Any CPU
		Release|Any CPU = Release|Any CPU
	EndGlobalSection
	GlobalSection(ProjectConfigurationPlatforms) = postSolution
		{3FB3E186-FA83-42CF-B6F2-778BF2802139}.Debug|Any CPU.ActiveCfg = Debug|Any CPU
		{3FB3E186-FA83-42CF-B6F2-778BF2802139}.Debug|Any CPU.Build.0 = Debug|Any CPU
		{3FB3E186-FA83-42CF-B6F2-778BF2802139}.Release|Any CPU.ActiveCfg = Release|Any CPU
		{3FB3E186-FA83-42CF-B6F2-778BF2802139}.Release|Any CPU.Build.0 = Release|Any CPU
	EndGlobalSection
	GlobalSection(SolutionProperties) = preSolution
		HideSolutionNode = FALSE
	EndGlobalSection
	GlobalSection(ExtensibilityGlobals) = postSolution
		SolutionGuid = {C7082C5C-3376-4553-A3DC-28DD10DEA3F9}
	EndGlobalSection
EndGlobal
